{
  "requires": true,
  "lockfileVersion": 1,
  "dependencies": {
    "ally.js": {
      "version": "1.4.1",
      "resolved": "https://registry.npmjs.org/ally.js/-/ally.js-1.4.1.tgz",
      "integrity": "sha1-n7fmuljvrE7pExyymqnuO1QLzx4=",
      "dev": true,
      "requires": {
        "css.escape": "^1.5.0",
        "platform": "1.3.3"
      }
    },
    "css.escape": {
      "version": "1.5.1",
      "resolved": "https://registry.npmjs.org/css.escape/-/css.escape-1.5.1.tgz",
      "integrity": "sha1-QuJ9T6BK4y+TGktNQZH6nN3ul8s=",
      "dev": true
    },
    "cypress-plugin-tab": {
      "version": "1.0.5",
      "resolved": "https://registry.npmjs.org/cypress-plugin-tab/-/cypress-plugin-tab-1.0.5.tgz",
      "integrity": "sha512-QtTJcifOVwwbeMP3hsOzQOKf3EqKsLyjtg9ZAGlYDntrCRXrsQhe4ZQGIthRMRLKpnP6/tTk6G0gJ2sZUfRliQ==",
      "dev": true,
      "requires": {
        "ally.js": "^1.4.1"
      }
    },
    "platform": {
      "version": "1.3.3",
      "resolved": "https://registry.npmjs.org/platform/-/platform-1.3.3.tgz",
      "integrity": "sha1-ZGx3ARiZhwtqCQPnXpl+jlHadGE=",
      "dev": true
    }
  }
}
